
Microsoft Visual Studio Solution File, Format Version 12.00
# Visual Studio Version 17
VisualStudioVersion = 17.0.32014.148
MinimumVisualStudioVersion = 10.0.40219.1
Project("{FAE04EC0-301F-11D3-BF4B-00C04F79EFBC}") = "BookAPI", "BookAPI\BookAPI.csproj", "{B468706D-40E5-42D9-8A0D-21F81E765CF6}"
EndProject
Project("{FAE04EC0-301F-11D3-BF4B-00C04F79EFBC}") = "DB", "DB\DB.csproj", "{A90309C9-D23D-4344-A5A2-114D0DE862AB}"
EndProject
Global
	GlobalSection(SolutionConfigurationPlatforms) = preSolution
		Debug|Any CPU = Debug|Any CPU
		Release|Any CPU = Release|Any CPU
	EndGlobalSection
	GlobalSection(ProjectConfigurationPlatforms) = postSolution
		{B468706D-40E5-42D9-8A0D-21F81E765CF6}.Debug|Any CPU.ActiveCfg = Debug|Any CPU
		{B468706D-40E5-42D9-8A0D-21F81E765CF6}.Debug|Any CPU.Build.0 = Debug|Any CPU
		{B468706D-40E5-42D9-8A0D-21F81E765CF6}.Release|Any CPU.ActiveCfg = Release|Any CPU
		{B468706D-40E5-42D9-8A0D-21F81E765CF6}.Release|Any CPU.Build.0 = Release|Any CPU
		{A90309C9-D23D-4344-A5A2-114D0DE862AB}.Debug|Any CPU.ActiveCfg = Debug|Any CPU
		{A90309C9-D23D-4344-A5A2-114D0DE862AB}.Debug|Any CPU.Build.0 = Debug|Any CPU
		{A90309C9-D23D-4344-A5A2-114D0DE862AB}.Release|Any CPU.ActiveCfg = Release|Any CPU
		{A90309C9-D23D-4344-A5A2-114D0DE862AB}.Release|Any CPU.Build.0 = Release|Any CPU
	EndGlobalSection
	GlobalSection(SolutionProperties) = preSolution
		HideSolutionNode = FALSE
	EndGlobalSection
	GlobalSection(ExtensibilityGlobals) = postSolution
		SolutionGuid = {B9B1C62A-96E1-4DDA-9C7B-F25AE89938F9}
	EndGlobalSection
EndGlobal
